
Microsoft Visual Studio Solution File, Format Version 12.00
# Visual Studio Version 16
VisualStudioVersion = 16.0.32002.261
MinimumVisualStudioVersion = 10.0.40219.1
Project("{FAE04EC0-301F-11D3-BF4B-00C04F79EFBC}") = "Unit Test 1-1", "Unit Test 1-1.csproj", "{99F88CF7-5E7D-456C-A6FE-EBA800147010}"
EndProject
Global
	GlobalSection(SolutionConfigurationPlatforms) = preSolution
		Debug|Any CPU = Debug|Any CPU
		Release|Any CPU = Release|Any CPU
	EndGlobalSection
	GlobalSection(ProjectConfigurationPlatforms) = postSolution
		{99F88CF7-5E7D-456C-A6FE-EBA800147010}.Debug|Any CPU.ActiveCfg = Debug|Any CPU
		{99F88CF7-5E7D-456C-A6FE-EBA800147010}.Debug|Any CPU.Build.0 = Debug|Any CPU
		{99F88CF7-5E7D-456C-A6FE-EBA800147010}.Release|Any CPU.ActiveCfg = Release|Any CPU
		{99F88CF7-5E7D-456C-A6FE-EBA800147010}.Release|Any CPU.Build.0 = Release|Any CPU
	EndGlobalSection
	GlobalSection(SolutionProperties) = preSolution
		HideSolutionNode = FALSE
	EndGlobalSection
	GlobalSection(ExtensibilityGlobals) = postSolution
		SolutionGuid = {ED47AEA1-74AC-4BC7-A658-6E839C131FF1}
	EndGlobalSection
EndGlobal
