
Microsoft Visual Studio Solution File, Format Version 12.00
# Visual Studio Version 16
VisualStudioVersion = 16.0.32002.261
MinimumVisualStudioVersion = 10.0.40219.1
Project("{FAE04EC0-301F-11D3-BF4B-00C04F79EFBC}") = "TriviaApp-PE-27", "TriviaApp-PE-27.csproj", "{7496C1DF-AAA0-4DF1-858F-DBE0073169B0}"
EndProject
Global
	GlobalSection(SolutionConfigurationPlatforms) = preSolution
		Debug|Any CPU = Debug|Any CPU
		Release|Any CPU = Release|Any CPU
	EndGlobalSection
	GlobalSection(ProjectConfigurationPlatforms) = postSolution
		{7496C1DF-AAA0-4DF1-858F-DBE0073169B0}.Debug|Any CPU.ActiveCfg = Debug|Any CPU
		{7496C1DF-AAA0-4DF1-858F-DBE0073169B0}.Debug|Any CPU.Build.0 = Debug|Any CPU
		{7496C1DF-AAA0-4DF1-858F-DBE0073169B0}.Release|Any CPU.ActiveCfg = Release|Any CPU
		{7496C1DF-AAA0-4DF1-858F-DBE0073169B0}.Release|Any CPU.Build.0 = Release|Any CPU
	EndGlobalSection
	GlobalSection(SolutionProperties) = preSolution
		HideSolutionNode = FALSE
	EndGlobalSection
	GlobalSection(ExtensibilityGlobals) = postSolution
		SolutionGuid = {FEF3A3F6-1EF8-432A-8E2F-52324BB0EE47}
	EndGlobalSection
EndGlobal
