
Microsoft Visual Studio Solution File, Format Version 12.00
# Visual Studio Version 16
VisualStudioVersion = 16.0.32002.261
MinimumVisualStudioVersion = 10.0.40219.1
Project("{FAE04EC0-301F-11D3-BF4B-00C04F79EFBC}") = "Unit test 2 Q 14", "Unit test 2 Q 14.csproj", "{DF401B05-44B8-413E-BB88-23B7184CACF9}"
EndProject
Global
	GlobalSection(SolutionConfigurationPlatforms) = preSolution
		Debug|Any CPU = Debug|Any CPU
		Release|Any CPU = Release|Any CPU
	EndGlobalSection
	GlobalSection(ProjectConfigurationPlatforms) = postSolution
		{DF401B05-44B8-413E-BB88-23B7184CACF9}.Debug|Any CPU.ActiveCfg = Debug|Any CPU
		{DF401B05-44B8-413E-BB88-23B7184CACF9}.Debug|Any CPU.Build.0 = Debug|Any CPU
		{DF401B05-44B8-413E-BB88-23B7184CACF9}.Release|Any CPU.ActiveCfg = Release|Any CPU
		{DF401B05-44B8-413E-BB88-23B7184CACF9}.Release|Any CPU.Build.0 = Release|Any CPU
	EndGlobalSection
	GlobalSection(SolutionProperties) = preSolution
		HideSolutionNode = FALSE
	EndGlobalSection
	GlobalSection(ExtensibilityGlobals) = postSolution
		SolutionGuid = {9EFF80C5-6658-4060-8308-D19F1D6B2BD5}
	EndGlobalSection
EndGlobal
