
Microsoft Visual Studio Solution File, Format Version 12.00
# Visual Studio Version 16
VisualStudioVersion = 16.0.32002.261
MinimumVisualStudioVersion = 10.0.40219.1
Project("{FAE04EC0-301F-11D3-BF4B-00C04F79EFBC}") = "DOM Manipulation PE20", "DOM Manipulation PE20.csproj", "{70C4A8F0-49BF-4AD9-999F-C337B13D8BA6}"
EndProject
Global
	GlobalSection(SolutionConfigurationPlatforms) = preSolution
		Debug|Any CPU = Debug|Any CPU
		Release|Any CPU = Release|Any CPU
	EndGlobalSection
	GlobalSection(ProjectConfigurationPlatforms) = postSolution
		{70C4A8F0-49BF-4AD9-999F-C337B13D8BA6}.Debug|Any CPU.ActiveCfg = Debug|Any CPU
		{70C4A8F0-49BF-4AD9-999F-C337B13D8BA6}.Debug|Any CPU.Build.0 = Debug|Any CPU
		{70C4A8F0-49BF-4AD9-999F-C337B13D8BA6}.Release|Any CPU.ActiveCfg = Release|Any CPU
		{70C4A8F0-49BF-4AD9-999F-C337B13D8BA6}.Release|Any CPU.Build.0 = Release|Any CPU
	EndGlobalSection
	GlobalSection(SolutionProperties) = preSolution
		HideSolutionNode = FALSE
	EndGlobalSection
	GlobalSection(ExtensibilityGlobals) = postSolution
		SolutionGuid = {1A60F707-6822-4FE8-B3CF-332AA4F6A8C3}
	EndGlobalSection
EndGlobal
