
Microsoft Visual Studio Solution File, Format Version 12.00
# Visual Studio Version 16
VisualStudioVersion = 16.0.32002.261
MinimumVisualStudioVersion = 10.0.40219.1
Project("{FAE04EC0-301F-11D3-BF4B-00C04F79EFBC}") = "TriviaApp-PE27", "TriviaApp-PE27.csproj", "{AF4156A3-C8BE-433F-80A6-EDC70FB31FEA}"
EndProject
Global
	GlobalSection(SolutionConfigurationPlatforms) = preSolution
		Debug|Any CPU = Debug|Any CPU
		Release|Any CPU = Release|Any CPU
	EndGlobalSection
	GlobalSection(ProjectConfigurationPlatforms) = postSolution
		{AF4156A3-C8BE-433F-80A6-EDC70FB31FEA}.Debug|Any CPU.ActiveCfg = Debug|Any CPU
		{AF4156A3-C8BE-433F-80A6-EDC70FB31FEA}.Debug|Any CPU.Build.0 = Debug|Any CPU
		{AF4156A3-C8BE-433F-80A6-EDC70FB31FEA}.Release|Any CPU.ActiveCfg = Release|Any CPU
		{AF4156A3-C8BE-433F-80A6-EDC70FB31FEA}.Release|Any CPU.Build.0 = Release|Any CPU
	EndGlobalSection
	GlobalSection(SolutionProperties) = preSolution
		HideSolutionNode = FALSE
	EndGlobalSection
	GlobalSection(ExtensibilityGlobals) = postSolution
		SolutionGuid = {1211BA38-1107-4C46-8A3F-DF424AD13277}
	EndGlobalSection
EndGlobal
