
Microsoft Visual Studio Solution File, Format Version 12.00
# Visual Studio Version 16
VisualStudioVersion = 16.0.32002.261
MinimumVisualStudioVersion = 10.0.40219.1
Project("{FAE04EC0-301F-11D3-BF4B-00C04F79EFBC}") = "PE11-6App", "PE11-6App.csproj", "{0446723C-66D1-4685-A956-C8F82DCCAADA}"
EndProject
Global
	GlobalSection(SolutionConfigurationPlatforms) = preSolution
		Debug|Any CPU = Debug|Any CPU
		Release|Any CPU = Release|Any CPU
	EndGlobalSection
	GlobalSection(ProjectConfigurationPlatforms) = postSolution
		{0446723C-66D1-4685-A956-C8F82DCCAADA}.Debug|Any CPU.ActiveCfg = Debug|Any CPU
		{0446723C-66D1-4685-A956-C8F82DCCAADA}.Debug|Any CPU.Build.0 = Debug|Any CPU
		{0446723C-66D1-4685-A956-C8F82DCCAADA}.Release|Any CPU.ActiveCfg = Release|Any CPU
		{0446723C-66D1-4685-A956-C8F82DCCAADA}.Release|Any CPU.Build.0 = Release|Any CPU
	EndGlobalSection
	GlobalSection(SolutionProperties) = preSolution
		HideSolutionNode = FALSE
	EndGlobalSection
	GlobalSection(ExtensibilityGlobals) = postSolution
		SolutionGuid = {1082554F-38B8-431B-9A23-184E4710E7CE}
	EndGlobalSection
EndGlobal
