
Microsoft Visual Studio Solution File, Format Version 12.00
# Visual Studio Version 16
VisualStudioVersion = 16.0.32002.261
MinimumVisualStudioVersion = 10.0.40219.1
Project("{FAE04EC0-301F-11D3-BF4B-00C04F79EFBC}") = "Unit Test 4-7", "Unit Test 4-7.csproj", "{320C08AF-2A52-4BA1-943A-3F050126B1B3}"
EndProject
Global
	GlobalSection(SolutionConfigurationPlatforms) = preSolution
		Debug|Any CPU = Debug|Any CPU
		Release|Any CPU = Release|Any CPU
	EndGlobalSection
	GlobalSection(ProjectConfigurationPlatforms) = postSolution
		{320C08AF-2A52-4BA1-943A-3F050126B1B3}.Debug|Any CPU.ActiveCfg = Debug|Any CPU
		{320C08AF-2A52-4BA1-943A-3F050126B1B3}.Debug|Any CPU.Build.0 = Debug|Any CPU
		{320C08AF-2A52-4BA1-943A-3F050126B1B3}.Release|Any CPU.ActiveCfg = Release|Any CPU
		{320C08AF-2A52-4BA1-943A-3F050126B1B3}.Release|Any CPU.Build.0 = Release|Any CPU
	EndGlobalSection
	GlobalSection(SolutionProperties) = preSolution
		HideSolutionNode = FALSE
	EndGlobalSection
	GlobalSection(ExtensibilityGlobals) = postSolution
		SolutionGuid = {47935B4A-7E47-4EA7-834B-63B9E2C4A4F9}
	EndGlobalSection
EndGlobal
